
Microsoft Visual Studio Solution File, Format Version 12.00
# Visual Studio Version 17
VisualStudioVersion = 17.5.33530.505
MinimumVisualStudioVersion = 10.0.40219.1
Project("{FAE04EC0-301F-11D3-BF4B-00C04F79EFBC}") = "ZBase.Foundation.SourceGen.Common", "ZBase.Foundation.SourceGen.Common.csproj", "{C84C7244-E757-4D33-96C5-6E0831456113}"
EndProject
Global
	GlobalSection(SolutionConfigurationPlatforms) = preSolution
		Debug|Any CPU = Debug|Any CPU
		Release|Any CPU = Release|Any CPU
	EndGlobalSection
	GlobalSection(ProjectConfigurationPlatforms) = postSolution
		{C84C7244-E757-4D33-96C5-6E0831456113}.Debug|Any CPU.ActiveCfg = Debug|Any CPU
		{C84C7244-E757-4D33-96C5-6E0831456113}.Debug|Any CPU.Build.0 = Debug|Any CPU
		{C84C7244-E757-4D33-96C5-6E0831456113}.Release|Any CPU.ActiveCfg = Release|Any CPU
		{C84C7244-E757-4D33-96C5-6E0831456113}.Release|Any CPU.Build.0 = Release|Any CPU
	EndGlobalSection
	GlobalSection(SolutionProperties) = preSolution
		HideSolutionNode = FALSE
	EndGlobalSection
	GlobalSection(ExtensibilityGlobals) = postSolution
		SolutionGuid = {8FE54F8F-0850-40EA-840E-1F736218E4E9}
	EndGlobalSection
EndGlobal
