
Microsoft Visual Studio Solution File, Format Version 12.00
# Visual Studio Version 17
VisualStudioVersion = 17.3.32929.385
MinimumVisualStudioVersion = 10.0.40219.1
Project("{9A19103F-16F7-4668-BE54-9A1E7A4F7556}") = "MvvmGenerator", "MvvmGenerator\MvvmGenerator.csproj", "{E49FA345-ED53-4456-A6A5-D89237CC1102}"
EndProject
Project("{9A19103F-16F7-4668-BE54-9A1E7A4F7556}") = "MvvmTest", "MvvmTest\MvvmTest.csproj", "{ED14928F-7A07-4BE5-B5AC-0E802BE8BC4F}"
EndProject
Project("{9A19103F-16F7-4668-BE54-9A1E7A4F7556}") = "ZBase.Foundation.SourceGen.Common", "Common\ZBase.Foundation.SourceGen.Common.csproj", "{BE33BAC2-0C21-4A82-99B1-11634A9BBB3C}"
EndProject
Project("{9A19103F-16F7-4668-BE54-9A1E7A4F7556}") = "ZBase.Foundation.Mvvm", "ZBase.Foundation.Mvvm\ZBase.Foundation.Mvvm.csproj", "{7A0B5F15-4F6B-4043-8F4A-2B4568ADCDEB}"
EndProject
Global
	GlobalSection(SolutionConfigurationPlatforms) = preSolution
		Debug|Any CPU = Debug|Any CPU
		Release|Any CPU = Release|Any CPU
	EndGlobalSection
	GlobalSection(ProjectConfigurationPlatforms) = postSolution
		{E49FA345-ED53-4456-A6A5-D89237CC1102}.Debug|Any CPU.ActiveCfg = Debug|Any CPU
		{E49FA345-ED53-4456-A6A5-D89237CC1102}.Debug|Any CPU.Build.0 = Debug|Any CPU
		{E49FA345-ED53-4456-A6A5-D89237CC1102}.Release|Any CPU.ActiveCfg = Release|Any CPU
		{E49FA345-ED53-4456-A6A5-D89237CC1102}.Release|Any CPU.Build.0 = Release|Any CPU
		{ED14928F-7A07-4BE5-B5AC-0E802BE8BC4F}.Debug|Any CPU.ActiveCfg = Debug|Any CPU
		{ED14928F-7A07-4BE5-B5AC-0E802BE8BC4F}.Debug|Any CPU.Build.0 = Debug|Any CPU
		{ED14928F-7A07-4BE5-B5AC-0E802BE8BC4F}.Release|Any CPU.ActiveCfg = Release|Any CPU
		{ED14928F-7A07-4BE5-B5AC-0E802BE8BC4F}.Release|Any CPU.Build.0 = Release|Any CPU
		{BE33BAC2-0C21-4A82-99B1-11634A9BBB3C}.Debug|Any CPU.ActiveCfg = Debug|Any CPU
		{BE33BAC2-0C21-4A82-99B1-11634A9BBB3C}.Debug|Any CPU.Build.0 = Debug|Any CPU
		{BE33BAC2-0C21-4A82-99B1-11634A9BBB3C}.Release|Any CPU.ActiveCfg = Release|Any CPU
		{BE33BAC2-0C21-4A82-99B1-11634A9BBB3C}.Release|Any CPU.Build.0 = Release|Any CPU
		{7A0B5F15-4F6B-4043-8F4A-2B4568ADCDEB}.Debug|Any CPU.ActiveCfg = Debug|Any CPU
		{7A0B5F15-4F6B-4043-8F4A-2B4568ADCDEB}.Debug|Any CPU.Build.0 = Debug|Any CPU
		{7A0B5F15-4F6B-4043-8F4A-2B4568ADCDEB}.Release|Any CPU.ActiveCfg = Release|Any CPU
		{7A0B5F15-4F6B-4043-8F4A-2B4568ADCDEB}.Release|Any CPU.Build.0 = Release|Any CPU
	EndGlobalSection
	GlobalSection(SolutionProperties) = preSolution
		HideSolutionNode = FALSE
	EndGlobalSection
	GlobalSection(ExtensibilityGlobals) = postSolution
		SolutionGuid = {CFA2109C-B4A7-475D-ACCE-454C0464A305}
	EndGlobalSection
EndGlobal
